// !$*UTF8*$!
{
	archiveVersion = 1;
	classes = {
	};
	objectVersion = 50;
	objects = {

/* Begin PBXBuildFile section */
		6388BD662268697800CC27FC /* PreferencesWindowController.swift in Sources */ = {isa = PBXBuildFile; fileRef = 6388BD652268697800CC27FC /* PreferencesWindowController.swift */; };
		6388BD682268702500CC27FC /* Constants.swift in Sources */ = {isa = PBXBuildFile; fileRef = 6388BD672268702500CC27FC /* Constants.swift */; };
		638B56EF225A82F10025BCB2 /* OSLog.swift in Sources */ = {isa = PBXBuildFile; fileRef = 638B56EE225A82F10025BCB2 /* OSLog.swift */; };
		63CC8BC8224F6FCC00F1D80C /* AppDelegate.swift in Sources */ = {isa = PBXBuildFile; fileRef = 63CC8BC7224F6FCC00F1D80C /* AppDelegate.swift */; };
		63CC8BCA224F6FCC00F1D80C /* CaptureController.swift in Sources */ = {isa = PBXBuildFile; fileRef = 63CC8BC9224F6FCC00F1D80C /* CaptureController.swift */; };
		63CC8BCC224F6FCC00F1D80C /* Assets.xcassets in Resources */ = {isa = PBXBuildFile; fileRef = 63CC8BCB224F6FCC00F1D80C /* Assets.xcassets */; };
		63CC8BCF224F6FCC00F1D80C /* Main.storyboard in Resources */ = {isa = PBXBuildFile; fileRef = 63CC8BCD224F6FCC00F1D80C /* Main.storyboard */; };
		63CC8BD8224F727600F1D80C /* CaptureWindowId.swift in Sources */ = {isa = PBXBuildFile; fileRef = 63CC8BD7224F727600F1D80C /* CaptureWindowId.swift */; };
		63CC8BDA224FDC3E00F1D80C /* LucarneController.swift in Sources */ = {isa = PBXBuildFile; fileRef = 63CC8BD9224FDC3E00F1D80C /* LucarneController.swift */; };
		63CC8BDC2250EA3D00F1D80C /* ReplaceControllerSegue.swift in Sources */ = {isa = PBXBuildFile; fileRef = 63CC8BDB2250EA3D00F1D80C /* ReplaceControllerSegue.swift */; };
		63CC8BE422514C2800F1D80C /* Credits.rtf in Resources */ = {isa = PBXBuildFile; fileRef = 63CC8BE322514C2800F1D80C /* Credits.rtf */; };
		63CC8BED2258C4A900F1D80C /* DraggableImageView.swift in Sources */ = {isa = PBXBuildFile; fileRef = 63CC8BEC2258C4A900F1D80C /* DraggableImageView.swift */; };
/* End PBXBuildFile section */

/* Begin PBXFileReference section */
		6388BD652268697800CC27FC /* PreferencesWindowController.swift */ = {isa = PBXFileReference; lastKnownFileType = sourcecode.swift; path = PreferencesWindowController.swift; sourceTree = "<group>"; };
		6388BD672268702500CC27FC /* Constants.swift */ = {isa = PBXFileReference; lastKnownFileType = sourcecode.swift; path = Constants.swift; sourceTree = "<group>"; };
		638B56EE225A82F10025BCB2 /* OSLog.swift */ = {isa = PBXFileReference; lastKnownFileType = sourcecode.swift; path = OSLog.swift; sourceTree = "<group>"; };
		63CC8BC4224F6FCC00F1D80C /* Lucarne.app */ = {isa = PBXFileReference; explicitFileType = wrapper.application; includeInIndex = 0; path = Lucarne.app; sourceTree = BUILT_PRODUCTS_DIR; };
		63CC8BC7224F6FCC00F1D80C /* AppDelegate.swift */ = {isa = PBXFileReference; lastKnownFileType = sourcecode.swift; path = AppDelegate.swift; sourceTree = "<group>"; };
		63CC8BC9224F6FCC00F1D80C /* CaptureController.swift */ = {isa = PBXFileReference; lastKnownFileType = sourcecode.swift; path = CaptureController.swift; sourceTree = "<group>"; };
		63CC8BCB224F6FCC00F1D80C /* Assets.xcassets */ = {isa = PBXFileReference; lastKnownFileType = folder.assetcatalog; path = Assets.xcassets; sourceTree = "<group>"; };
		63CC8BCE224F6FCC00F1D80C /* Base */ = {isa = PBXFileReference; lastKnownFileType = file.storyboard; name = Base; path = Base.lproj/Main.storyboard; sourceTree = "<group>"; };
		63CC8BD0224F6FCC00F1D80C /* Info.plist */ = {isa = PBXFileReference; lastKnownFileType = text.plist.xml; path = Info.plist; sourceTree = "<group>"; };
		63CC8BD1224F6FCC00F1D80C /* lucarne_macos.entitlements */ = {isa = PBXFileReference; lastKnownFileType = text.plist.entitlements; path = lucarne_macos.entitlements; sourceTree = "<group>"; };
		63CC8BD7224F727600F1D80C /* CaptureWindowId.swift */ = {isa = PBXFileReference; lastKnownFileType = sourcecode.swift; path = CaptureWindowId.swift; sourceTree = "<group>"; };
		63CC8BD9224FDC3E00F1D80C /* LucarneController.swift */ = {isa = PBXFileReference; lastKnownFileType = sourcecode.swift; path = LucarneController.swift; sourceTree = "<group>"; };
		63CC8BDB2250EA3D00F1D80C /* ReplaceControllerSegue.swift */ = {isa = PBXFileReference; lastKnownFileType = sourcecode.swift; path = ReplaceControllerSegue.swift; sourceTree = "<group>"; };
		63CC8BE322514C2800F1D80C /* Credits.rtf */ = {isa = PBXFileReference; lastKnownFileType = text.rtf; path = Credits.rtf; sourceTree = "<group>"; };
		63CC8BEB2258AA7000F1D80C /* fr */ = {isa = PBXFileReference; lastKnownFileType = text.plist.strings; name = fr; path = fr.lproj/Main.strings; sourceTree = "<group>"; };
		63CC8BEC2258C4A900F1D80C /* DraggableImageView.swift */ = {isa = PBXFileReference; lastKnownFileType = sourcecode.swift; path = DraggableImageView.swift; sourceTree = "<group>"; };
/* End PBXFileReference section */

/* Begin PBXFrameworksBuildPhase section */
		63CC8BC1224F6FCC00F1D80C /* Frameworks */ = {
			isa = PBXFrameworksBuildPhase;
			buildActionMask = 2147483647;
			files = (
			);
			runOnlyForDeploymentPostprocessing = 0;
		};
/* End PBXFrameworksBuildPhase section */

/* Begin PBXGroup section */
		63CC8BBB224F6FCC00F1D80C = {
			isa = PBXGroup;
			children = (
				63CC8BC6224F6FCC00F1D80C /* lucarne-macos */,
				63CC8BC5224F6FCC00F1D80C /* Products */,
			);
			sourceTree = "<group>";
		};
		63CC8BC5224F6FCC00F1D80C /* Products */ = {
			isa = PBXGroup;
			children = (
				63CC8BC4224F6FCC00F1D80C /* Lucarne.app */,
			);
			name = Products;
			sourceTree = "<group>";
		};
		63CC8BC6224F6FCC00F1D80C /* lucarne-macos */ = {
			isa = PBXGroup;
			children = (
				63CC8BE522514E7200F1D80C /* resources */,
				63CC8BDF2250FB3C00F1D80C /* controllers */,
				63CC8BE22250FC0F00F1D80C /* tools */,
				63CC8BC7224F6FCC00F1D80C /* AppDelegate.swift */,
				6388BD672268702500CC27FC /* Constants.swift */,
				63CC8BCD224F6FCC00F1D80C /* Main.storyboard */,
				63CC8BCB224F6FCC00F1D80C /* Assets.xcassets */,
				63CC8BD0224F6FCC00F1D80C /* Info.plist */,
				63CC8BD1224F6FCC00F1D80C /* lucarne_macos.entitlements */,
			);
			path = "lucarne-macos";
			sourceTree = "<group>";
		};
		63CC8BDF2250FB3C00F1D80C /* controllers */ = {
			isa = PBXGroup;
			children = (
				63CC8BC9224F6FCC00F1D80C /* CaptureController.swift */,
				63CC8BD9224FDC3E00F1D80C /* LucarneController.swift */,
				6388BD652268697800CC27FC /* PreferencesWindowController.swift */,
			);
			path = controllers;
			sourceTree = "<group>";
		};
		63CC8BE22250FC0F00F1D80C /* tools */ = {
			isa = PBXGroup;
			children = (
				63CC8BDB2250EA3D00F1D80C /* ReplaceControllerSegue.swift */,
				63CC8BD7224F727600F1D80C /* CaptureWindowId.swift */,
				63CC8BEC2258C4A900F1D80C /* DraggableImageView.swift */,
				638B56EE225A82F10025BCB2 /* OSLog.swift */,
			);
			path = tools;
			sourceTree = "<group>";
		};
		63CC8BE522514E7200F1D80C /* resources */ = {
			isa = PBXGroup;
			children = (
				63CC8BE322514C2800F1D80C /* Credits.rtf */,
			);
			path = resources;
			sourceTree = "<group>";
		};
/* End PBXGroup section */

/* Begin PBXNativeTarget section */
		63CC8BC3224F6FCC00F1D80C /* Lucarne */ = {
			isa = PBXNativeTarget;
			buildConfigurationList = 63CC8BD4224F6FCC00F1D80C /* Build configuration list for PBXNativeTarget "Lucarne" */;
			buildPhases = (
				63CC8BC0224F6FCC00F1D80C /* Sources */,
				63CC8BC1224F6FCC00F1D80C /* Frameworks */,
				63CC8BC2224F6FCC00F1D80C /* Resources */,
			);
			buildRules = (
			);
			dependencies = (
			);
			name = Lucarne;
			productName = "lucarne-macos";
			productReference = 63CC8BC4224F6FCC00F1D80C /* Lucarne.app */;
			productType = "com.apple.product-type.application";
		};
/* End PBXNativeTarget section */

/* Begin PBXProject section */
		63CC8BBC224F6FCC00F1D80C /* Project object */ = {
			isa = PBXProject;
			attributes = {
				LastSwiftUpdateCheck = 1020;
				LastUpgradeCheck = 1020;
				TargetAttributes = {
					63CC8BC3224F6FCC00F1D80C = {
						CreatedOnToolsVersion = 10.2;
					};
				};
			};
			buildConfigurationList = 63CC8BBF224F6FCC00F1D80C /* Build configuration list for PBXProject "lucarne-macos" */;
			compatibilityVersion = "Xcode 9.3";
			developmentRegion = en;
			hasScannedForEncodings = 0;
			knownRegions = (
				en,
				Base,
				fr,
			);
			mainGroup = 63CC8BBB224F6FCC00F1D80C;
			productRefGroup = 63CC8BC5224F6FCC00F1D80C /* Products */;
			projectDirPath = "";
			projectRoot = "";
			targets = (
				63CC8BC3224F6FCC00F1D80C /* Lucarne */,
			);
		};
/* End PBXProject section */

/* Begin PBXResourcesBuildPhase section */
		63CC8BC2224F6FCC00F1D80C /* Resources */ = {
			isa = PBXResourcesBuildPhase;
			buildActionMask = 2147483647;
			files = (
				63CC8BCC224F6FCC00F1D80C /* Assets.xcassets in Resources */,
				63CC8BE422514C2800F1D80C /* Credits.rtf in Resources */,
				63CC8BCF224F6FCC00F1D80C /* Main.storyboard in Resources */,
			);
			runOnlyForDeploymentPostprocessing = 0;
		};
/* End PBXResourcesBuildPhase section */

/* Begin PBXSourcesBuildPhase section */
		63CC8BC0224F6FCC00F1D80C /* Sources */ = {
			isa = PBXSourcesBuildPhase;
			buildActionMask = 2147483647;
			files = (
				63CC8BDA224FDC3E00F1D80C /* LucarneController.swift in Sources */,
				63CC8BD8224F727600F1D80C /* CaptureWindowId.swift in Sources */,
				63CC8BDC2250EA3D00F1D80C /* ReplaceControllerSegue.swift in Sources */,
				63CC8BCA224F6FCC00F1D80C /* CaptureController.swift in Sources */,
				638B56EF225A82F10025BCB2 /* OSLog.swift in Sources */,
				6388BD662268697800CC27FC /* PreferencesWindowController.swift in Sources */,
				63CC8BED2258C4A900F1D80C /* DraggableImageView.swift in Sources */,
				63CC8BC8224F6FCC00F1D80C /* AppDelegate.swift in Sources */,
				6388BD682268702500CC27FC /* Constants.swift in Sources */,
			);
			runOnlyForDeploymentPostprocessing = 0;
		};
/* End PBXSourcesBuildPhase section */

/* Begin PBXVariantGroup section */
		63CC8BCD224F6FCC00F1D80C /* Main.storyboard */ = {
			isa = PBXVariantGroup;
			children = (
				63CC8BCE224F6FCC00F1D80C /* Base */,
				63CC8BEB2258AA7000F1D80C /* fr */,
			);
			name = Main.storyboard;
			sourceTree = "<group>";
		};
/* End PBXVariantGroup section */

/* Begin XCBuildConfiguration section */
		63CC8BD2224F6FCC00F1D80C /* Debug */ = {
			isa = XCBuildConfiguration;
			buildSettings = {
				ALWAYS_SEARCH_USER_PATHS = NO;
				CLANG_ANALYZER_LOCALIZABILITY_NONLOCALIZED = YES;
				CLANG_ANALYZER_NONNULL = YES;
				CLANG_ANALYZER_NUMBER_OBJECT_CONVERSION = YES_AGGRESSIVE;
				CLANG_CXX_LANGUAGE_STANDARD = "gnu++14";
				CLANG_CXX_LIBRARY = "libc++";
				CLANG_ENABLE_MODULES = YES;
				CLANG_ENABLE_OBJC_ARC = YES;
				CLANG_ENABLE_OBJC_WEAK = YES;
				CLANG_WARN_BLOCK_CAPTURE_AUTORELEASING = YES;
				CLANG_WARN_BOOL_CONVERSION = YES;
				CLANG_WARN_COMMA = YES;
				CLANG_WARN_CONSTANT_CONVERSION = YES;
				CLANG_WARN_DEPRECATED_OBJC_IMPLEMENTATIONS = YES;
				CLANG_WARN_DIRECT_OBJC_ISA_USAGE = YES_ERROR;
				CLANG_WARN_DOCUMENTATION_COMMENTS = YES;
				CLANG_WARN_EMPTY_BODY = YES;
				CLANG_WARN_ENUM_CONVERSION = YES;
				CLANG_WARN_INFINITE_RECURSION = YES;
				CLANG_WARN_INT_CONVERSION = YES;
				CLANG_WARN_NON_LITERAL_NULL_CONVERSION = YES;
				CLANG_WARN_OBJC_IMPLICIT_RETAIN_SELF = YES;
				CLANG_WARN_OBJC_LITERAL_CONVERSION = YES;
				CLANG_WARN_OBJC_ROOT_CLASS = YES_ERROR;
				CLANG_WARN_RANGE_LOOP_ANALYSIS = YES;
				CLANG_WARN_STRICT_PROTOTYPES = YES;
				CLANG_WARN_SUSPICIOUS_MOVE = YES;
				CLANG_WARN_UNGUARDED_AVAILABILITY = YES_AGGRESSIVE;
				CLANG_WARN_UNREACHABLE_CODE = YES;
				CLANG_WARN__DUPLICATE_METHOD_MATCH = YES;
				CODE_SIGN_IDENTITY = "-";
				COPY_PHASE_STRIP = NO;
				DEBUG_INFORMATION_FORMAT = dwarf;
				ENABLE_STRICT_OBJC_MSGSEND = YES;
				ENABLE_TESTABILITY = YES;
				GCC_C_LANGUAGE_STANDARD = gnu11;
				GCC_DYNAMIC_NO_PIC = NO;
				GCC_NO_COMMON_BLOCKS = YES;
				GCC_OPTIMIZATION_LEVEL = 0;
				GCC_PREPROCESSOR_DEFINITIONS = (
					"DEBUG=1",
					"$(inherited)",
				);
				GCC_WARN_64_TO_32_BIT_CONVERSION = YES;
				GCC_WARN_ABOUT_RETURN_TYPE = YES_ERROR;
				GCC_WARN_UNDECLARED_SELECTOR = YES;
				GCC_WARN_UNINITIALIZED_AUTOS = YES_AGGRESSIVE;
				GCC_WARN_UNUSED_FUNCTION = YES;
				GCC_WARN_UNUSED_VARIABLE = YES;
				MACOSX_DEPLOYMENT_TARGET = 10.14;
				MTL_ENABLE_DEBUG_INFO = INCLUDE_SOURCE;
				MTL_FAST_MATH = YES;
				ONLY_ACTIVE_ARCH = YES;
				SDKROOT = macosx;
				SWIFT_ACTIVE_COMPILATION_CONDITIONS = DEBUG;
				SWIFT_OPTIMIZATION_LEVEL = "-Onone";
			};
			name = Debug;
		};
		63CC8BD3224F6FCC00F1D80C /* Release */ = {
			isa = XCBuildConfiguration;
			buildSettings = {
				ALWAYS_SEARCH_USER_PATHS = NO;
				CLANG_ANALYZER_LOCALIZABILITY_NONLOCALIZED = YES;
				CLANG_ANALYZER_NONNULL = YES;
				CLANG_ANALYZER_NUMBER_OBJECT_CONVERSION = YES_AGGRESSIVE;
				CLANG_CXX_LANGUAGE_STANDARD = "gnu++14";
				CLANG_CXX_LIBRARY = "libc++";
				CLANG_ENABLE_MODULES = YES;
				CLANG_ENABLE_OBJC_ARC = YES;
				CLANG_ENABLE_OBJC_WEAK = YES;
				CLANG_WARN_BLOCK_CAPTURE_AUTORELEASING = YES;
				CLANG_WARN_BOOL_CONVERSION = YES;
				CLANG_WARN_COMMA = YES;
				CLANG_WARN_CONSTANT_CONVERSION = YES;
				CLANG_WARN_DEPRECATED_OBJC_IMPLEMENTATIONS = YES;
				CLANG_WARN_DIRECT_OBJC_ISA_USAGE = YES_ERROR;
				CLANG_WARN_DOCUMENTATION_COMMENTS = YES;
				CLANG_WARN_EMPTY_BODY = YES;
				CLANG_WARN_ENUM_CONVERSION = YES;
				CLANG_WARN_INFINITE_RECURSION = YES;
				CLANG_WARN_INT_CONVERSION = YES;
				CLANG_WARN_NON_LITERAL_NULL_CONVERSION = YES;
				CLANG_WARN_OBJC_IMPLICIT_RETAIN_SELF = YES;
				CLANG_WARN_OBJC_LITERAL_CONVERSION = YES;
				CLANG_WARN_OBJC_ROOT_CLASS = YES_ERROR;
				CLANG_WARN_RANGE_LOOP_ANALYSIS = YES;
				CLANG_WARN_STRICT_PROTOTYPES = YES;
				CLANG_WARN_SUSPICIOUS_MOVE = YES;
				CLANG_WARN_UNGUARDED_AVAILABILITY = YES_AGGRESSIVE;
				CLANG_WARN_UNREACHABLE_CODE = YES;
				CLANG_WARN__DUPLICATE_METHOD_MATCH = YES;
				CODE_SIGN_IDENTITY = "-";
				COPY_PHASE_STRIP = NO;
				DEBUG_INFORMATION_FORMAT = "dwarf-with-dsym";
				ENABLE_NS_ASSERTIONS = NO;
				ENABLE_STRICT_OBJC_MSGSEND = YES;
				GCC_C_LANGUAGE_STANDARD = gnu11;
				GCC_NO_COMMON_BLOCKS = YES;
				GCC_WARN_64_TO_32_BIT_CONVERSION = YES;
				GCC_WARN_ABOUT_RETURN_TYPE = YES_ERROR;
				GCC_WARN_UNDECLARED_SELECTOR = YES;
				GCC_WARN_UNINITIALIZED_AUTOS = YES_AGGRESSIVE;
				GCC_WARN_UNUSED_FUNCTION = YES;
				GCC_WARN_UNUSED_VARIABLE = YES;
				MACOSX_DEPLOYMENT_TARGET = 10.14;
				MTL_ENABLE_DEBUG_INFO = NO;
				MTL_FAST_MATH = YES;
				SDKROOT = macosx;
				SWIFT_COMPILATION_MODE = wholemodule;
				SWIFT_OPTIMIZATION_LEVEL = "-O";
			};
			name = Release;
		};
		63CC8BD5224F6FCC00F1D80C /* Debug */ = {
			isa = XCBuildConfiguration;
			buildSettings = {
				ASSETCATALOG_COMPILER_APPICON_NAME = AppIcon;
				CODE_SIGN_ENTITLEMENTS = "lucarne-macos/lucarne_macos.entitlements";
				CODE_SIGN_STYLE = Automatic;
				COMBINE_HIDPI_IMAGES = YES;
				INFOPLIST_FILE = "lucarne-macos/Info.plist";
				LD_RUNPATH_SEARCH_PATHS = (
					"$(inherited)",
					"@executable_path/../Frameworks",
				);
				PRODUCT_BUNDLE_IDENTIFIER = net.alea.lucarne;
				PRODUCT_NAME = "$(TARGET_NAME)";
				SWIFT_VERSION = 5.0;
			};
			name = Debug;
		};
		63CC8BD6224F6FCC00F1D80C /* Release */ = {
			isa = XCBuildConfiguration;
			buildSettings = {
				ASSETCATALOG_COMPILER_APPICON_NAME = AppIcon;
				CODE_SIGN_ENTITLEMENTS = "lucarne-macos/lucarne_macos.entitlements";
				CODE_SIGN_STYLE = Automatic;
				COMBINE_HIDPI_IMAGES = YES;
				INFOPLIST_FILE = "lucarne-macos/Info.plist";
				LD_RUNPATH_SEARCH_PATHS = (
					"$(inherited)",
					"@executable_path/../Frameworks",
				);
				PRODUCT_BUNDLE_IDENTIFIER = net.alea.lucarne;
				PRODUCT_NAME = "$(TARGET_NAME)";
				SWIFT_VERSION = 5.0;
			};
			name = Release;
		};
/* End XCBuildConfiguration section */

/* Begin XCConfigurationList section */
		63CC8BBF224F6FCC00F1D80C /* Build configuration list for PBXProject "lucarne-macos" */ = {
			isa = XCConfigurationList;
			buildConfigurations = (
				63CC8BD2224F6FCC00F1D80C /* Debug */,
				63CC8BD3224F6FCC00F1D80C /* Release */,
			);
			defaultConfigurationIsVisible = 0;
			defaultConfigurationName = Release;
		};
		63CC8BD4224F6FCC00F1D80C /* Build configuration list for PBXNativeTarget "Lucarne" */ = {
			isa = XCConfigurationList;
			buildConfigurations = (
				63CC8BD5224F6FCC00F1D80C /* Debug */,
				63CC8BD6224F6FCC00F1D80C /* Release */,
			);
			defaultConfigurationIsVisible = 0;
			defaultConfigurationName = Release;
		};
/* End XCConfigurationList section */
	};
	rootObject = 63CC8BBC224F6FCC00F1D80C /* Project object */;
}
